
Microsoft Visual Studio Solution File, Format Version 12.00
# Visual Studio Version 17
VisualStudioVersion = 17.5.33424.131
MinimumVisualStudioVersion = 10.0.40219.1
Project("{9A19103F-16F7-4668-BE54-9A1E7A4F7556}") = "BenTelegramBot", "BenTelegramBot.csproj", "{FEA41998-709B-42C2-BE7F-E5B49FB74978}"
EndProject
Global
	GlobalSection(SolutionConfigurationPlatforms) = preSolution
		Debug|Any CPU = Debug|Any CPU
		Release|Any CPU = Release|Any CPU
		x64|Any CPU = x64|Any CPU
	EndGlobalSection
	GlobalSection(ProjectConfigurationPlatforms) = postSolution
		{FEA41998-709B-42C2-BE7F-E5B49FB74978}.Debug|Any CPU.ActiveCfg = Debug|Any CPU
		{FEA41998-709B-42C2-BE7F-E5B49FB74978}.Debug|Any CPU.Build.0 = Debug|Any CPU
		{FEA41998-709B-42C2-BE7F-E5B49FB74978}.Release|Any CPU.ActiveCfg = Release|Any CPU
		{FEA41998-709B-42C2-BE7F-E5B49FB74978}.Release|Any CPU.Build.0 = Release|Any CPU
		{FEA41998-709B-42C2-BE7F-E5B49FB74978}.x64|Any CPU.ActiveCfg = x64|Any CPU
		{FEA41998-709B-42C2-BE7F-E5B49FB74978}.x64|Any CPU.Build.0 = x64|Any CPU
	EndGlobalSection
	GlobalSection(SolutionProperties) = preSolution
		HideSolutionNode = FALSE
	EndGlobalSection
	GlobalSection(ExtensibilityGlobals) = postSolution
		SolutionGuid = {FC71D575-65C9-4A63-9658-3062C0B88102}
	EndGlobalSection
EndGlobal
